// !$*UTF8*$!
{
	archiveVersion = 1;
	classes = {
	};
	objectVersion = 50;
	objects = {

/* Begin PBXBuildFile section */
		9C47DB552452A4800087A463 /* DataFactory.swift in Sources */ = {isa = PBXBuildFile; fileRef = 9C47DB542452A4800087A463 /* DataFactory.swift */; };
		9C79B299244F2DBD00BE7648 /* AppDelegate.swift in Sources */ = {isa = PBXBuildFile; fileRef = 9C79B298244F2DBD00BE7648 /* AppDelegate.swift */; };
		9C79B29D244F2DBD00BE7648 /* HomeScreenViewController.swift in Sources */ = {isa = PBXBuildFile; fileRef = 9C79B29C244F2DBD00BE7648 /* HomeScreenViewController.swift */; };
		9C79B2A0244F2DBD00BE7648 /* Main.storyboard in Resources */ = {isa = PBXBuildFile; fileRef = 9C79B29E244F2DBD00BE7648 /* Main.storyboard */; };
		9C79B2A2244F2DBE00BE7648 /* Assets.xcassets in Resources */ = {isa = PBXBuildFile; fileRef = 9C79B2A1244F2DBE00BE7648 /* Assets.xcassets */; };
		9C79B2A5244F2DBE00BE7648 /* LaunchScreen.storyboard in Resources */ = {isa = PBXBuildFile; fileRef = 9C79B2A3244F2DBE00BE7648 /* LaunchScreen.storyboard */; };
		9C79B2AD244F325900BE7648 /* NavigationViewController.swift in Sources */ = {isa = PBXBuildFile; fileRef = 9C79B2AC244F325900BE7648 /* NavigationViewController.swift */; };
		9C79B2AF244F3A8200BE7648 /* factsTableCell.swift in Sources */ = {isa = PBXBuildFile; fileRef = 9C79B2AE244F3A8200BE7648 /* factsTableCell.swift */; };
		9C85644D2452A853000BEC89 /* FactModel.swift in Sources */ = {isa = PBXBuildFile; fileRef = 9C85644C2452A853000BEC89 /* FactModel.swift */; };
		9C8564502452C00F000BEC89 /* ErrorModel.swift in Sources */ = {isa = PBXBuildFile; fileRef = 9C85644F2452C00F000BEC89 /* ErrorModel.swift */; };
		9CCA980D245436A300EA807D /* .swiftlint.yml in Resources */ = {isa = PBXBuildFile; fileRef = 9CCA980C245436A300EA807D /* .swiftlint.yml */; };
		9CCA980F245446E200EA807D /* HomeScreenModel.swift in Sources */ = {isa = PBXBuildFile; fileRef = 9CCA980E245446E200EA807D /* HomeScreenModel.swift */; };
		9CF56B6A2455D5D5006B2841 /* Utility.swift in Sources */ = {isa = PBXBuildFile; fileRef = 9CF56B692455D5D5006B2841 /* Utility.swift */; };
/* End PBXBuildFile section */

/* Begin PBXFileReference section */
		9C47DB542452A4800087A463 /* DataFactory.swift */ = {isa = PBXFileReference; lastKnownFileType = sourcecode.swift; path = DataFactory.swift; sourceTree = "<group>"; };
		9C79B295244F2DBD00BE7648 /* assignment.app */ = {isa = PBXFileReference; explicitFileType = wrapper.application; includeInIndex = 0; path = assignment.app; sourceTree = BUILT_PRODUCTS_DIR; };
		9C79B298244F2DBD00BE7648 /* AppDelegate.swift */ = {isa = PBXFileReference; lastKnownFileType = sourcecode.swift; path = AppDelegate.swift; sourceTree = "<group>"; };
		9C79B29C244F2DBD00BE7648 /* HomeScreenViewController.swift */ = {isa = PBXFileReference; lastKnownFileType = sourcecode.swift; path = HomeScreenViewController.swift; sourceTree = "<group>"; };
		9C79B29F244F2DBD00BE7648 /* Base */ = {isa = PBXFileReference; lastKnownFileType = file.storyboard; name = Base; path = Base.lproj/Main.storyboard; sourceTree = "<group>"; };
		9C79B2A1244F2DBE00BE7648 /* Assets.xcassets */ = {isa = PBXFileReference; lastKnownFileType = folder.assetcatalog; path = Assets.xcassets; sourceTree = "<group>"; };
		9C79B2A4244F2DBE00BE7648 /* Base */ = {isa = PBXFileReference; lastKnownFileType = file.storyboard; name = Base; path = Base.lproj/LaunchScreen.storyboard; sourceTree = "<group>"; };
		9C79B2A6244F2DBE00BE7648 /* Info.plist */ = {isa = PBXFileReference; lastKnownFileType = text.plist.xml; path = Info.plist; sourceTree = "<group>"; };
		9C79B2AC244F325900BE7648 /* NavigationViewController.swift */ = {isa = PBXFileReference; lastKnownFileType = sourcecode.swift; path = NavigationViewController.swift; sourceTree = "<group>"; };
		9C79B2AE244F3A8200BE7648 /* factsTableCell.swift */ = {isa = PBXFileReference; lastKnownFileType = sourcecode.swift; path = factsTableCell.swift; sourceTree = "<group>"; };
		9C85644C2452A853000BEC89 /* FactModel.swift */ = {isa = PBXFileReference; lastKnownFileType = sourcecode.swift; path = FactModel.swift; sourceTree = "<group>"; };
		9C85644F2452C00F000BEC89 /* ErrorModel.swift */ = {isa = PBXFileReference; lastKnownFileType = sourcecode.swift; path = ErrorModel.swift; sourceTree = "<group>"; };
		9CCA980C245436A300EA807D /* .swiftlint.yml */ = {isa = PBXFileReference; lastKnownFileType = text.yaml; path = .swiftlint.yml; sourceTree = "<group>"; };
		9CCA980E245446E200EA807D /* HomeScreenModel.swift */ = {isa = PBXFileReference; lastKnownFileType = sourcecode.swift; path = HomeScreenModel.swift; sourceTree = "<group>"; };
		9CF56B692455D5D5006B2841 /* Utility.swift */ = {isa = PBXFileReference; lastKnownFileType = sourcecode.swift; path = Utility.swift; sourceTree = "<group>"; };
/* End PBXFileReference section */

/* Begin PBXFrameworksBuildPhase section */
		9C79B292244F2DBD00BE7648 /* Frameworks */ = {
			isa = PBXFrameworksBuildPhase;
			buildActionMask = 2147483647;
			files = (
			);
			runOnlyForDeploymentPostprocessing = 0;
		};
/* End PBXFrameworksBuildPhase section */

/* Begin PBXGroup section */
		9C79B28C244F2DBD00BE7648 = {
			isa = PBXGroup;
			children = (
				9CCA980C245436A300EA807D /* .swiftlint.yml */,
				9C79B297244F2DBD00BE7648 /* assignment */,
				9C79B296244F2DBD00BE7648 /* Products */,
			);
			sourceTree = "<group>";
		};
		9C79B296244F2DBD00BE7648 /* Products */ = {
			isa = PBXGroup;
			children = (
				9C79B295244F2DBD00BE7648 /* assignment.app */,
			);
			name = Products;
			sourceTree = "<group>";
		};
		9C79B297244F2DBD00BE7648 /* assignment */ = {
			isa = PBXGroup;
			children = (
				9CF56B6B2455D5F6006B2841 /* Data Factory */,
				9C85644E2452BFF9000BEC89 /* models */,
				9CF56B6C2455D60A006B2841 /* Utility */,
				9C79B298244F2DBD00BE7648 /* AppDelegate.swift */,
				9C79B29C244F2DBD00BE7648 /* HomeScreenViewController.swift */,
				9C79B2AE244F3A8200BE7648 /* factsTableCell.swift */,
				9C79B2AC244F325900BE7648 /* NavigationViewController.swift */,
				9C79B29E244F2DBD00BE7648 /* Main.storyboard */,
				9C79B2A1244F2DBE00BE7648 /* Assets.xcassets */,
				9C79B2A3244F2DBE00BE7648 /* LaunchScreen.storyboard */,
				9C79B2A6244F2DBE00BE7648 /* Info.plist */,
			);
			path = assignment;
			sourceTree = "<group>";
		};
		9C85644E2452BFF9000BEC89 /* models */ = {
			isa = PBXGroup;
			children = (
				9C85644C2452A853000BEC89 /* FactModel.swift */,
				9C85644F2452C00F000BEC89 /* ErrorModel.swift */,
				9CCA980E245446E200EA807D /* HomeScreenModel.swift */,
			);
			path = models;
			sourceTree = "<group>";
		};
		9CF56B6B2455D5F6006B2841 /* Data Factory */ = {
			isa = PBXGroup;
			children = (
				9C47DB542452A4800087A463 /* DataFactory.swift */,
			);
			name = "Data Factory";
			path = models;
			sourceTree = "<group>";
		};
		9CF56B6C2455D60A006B2841 /* Utility */ = {
			isa = PBXGroup;
			children = (
				9CF56B692455D5D5006B2841 /* Utility.swift */,
			);
			name = Utility;
			sourceTree = "<group>";
		};
/* End PBXGroup section */

/* Begin PBXNativeTarget section */
		9C79B294244F2DBD00BE7648 /* assignment */ = {
			isa = PBXNativeTarget;
			buildConfigurationList = 9C79B2A9244F2DBE00BE7648 /* Build configuration list for PBXNativeTarget "assignment" */;
			buildPhases = (
				9C79B291244F2DBD00BE7648 /* Sources */,
				9C79B292244F2DBD00BE7648 /* Frameworks */,
				9C79B293244F2DBD00BE7648 /* Resources */,
				9C71396924530677003AD245 /* swiftlint script */,
			);
			buildRules = (
			);
			dependencies = (
			);
			name = assignment;
			productName = assignment;
			productReference = 9C79B295244F2DBD00BE7648 /* assignment.app */;
			productType = "com.apple.product-type.application";
		};
/* End PBXNativeTarget section */

/* Begin PBXProject section */
		9C79B28D244F2DBD00BE7648 /* Project object */ = {
			isa = PBXProject;
			attributes = {
				LastSwiftUpdateCheck = 1130;
				LastUpgradeCheck = 1130;
				ORGANIZATIONNAME = "Sujith Peeka";
				TargetAttributes = {
					9C79B294244F2DBD00BE7648 = {
						CreatedOnToolsVersion = 11.3.1;
					};
				};
			};
			buildConfigurationList = 9C79B290244F2DBD00BE7648 /* Build configuration list for PBXProject "assignment" */;
			compatibilityVersion = "Xcode 9.3";
			developmentRegion = en;
			hasScannedForEncodings = 0;
			knownRegions = (
				en,
				Base,
			);
			mainGroup = 9C79B28C244F2DBD00BE7648;
			productRefGroup = 9C79B296244F2DBD00BE7648 /* Products */;
			projectDirPath = "";
			projectRoot = "";
			targets = (
				9C79B294244F2DBD00BE7648 /* assignment */,
			);
		};
/* End PBXProject section */

/* Begin PBXResourcesBuildPhase section */
		9C79B293244F2DBD00BE7648 /* Resources */ = {
			isa = PBXResourcesBuildPhase;
			buildActionMask = 2147483647;
			files = (
				9CCA980D245436A300EA807D /* .swiftlint.yml in Resources */,
				9C79B2A5244F2DBE00BE7648 /* LaunchScreen.storyboard in Resources */,
				9C79B2A2244F2DBE00BE7648 /* Assets.xcassets in Resources */,
				9C79B2A0244F2DBD00BE7648 /* Main.storyboard in Resources */,
			);
			runOnlyForDeploymentPostprocessing = 0;
		};
/* End PBXResourcesBuildPhase section */

/* Begin PBXShellScriptBuildPhase section */
		9C71396924530677003AD245 /* swiftlint script */ = {
			isa = PBXShellScriptBuildPhase;
			buildActionMask = 2147483647;
			files = (
			);
			inputFileListPaths = (
			);
			inputPaths = (
			);
			name = "swiftlint script";
			outputFileListPaths = (
			);
			outputPaths = (
			);
			runOnlyForDeploymentPostprocessing = 0;
			shellPath = /bin/sh;
			shellScript = "# Type a script or drag a script file from your workspace to insert its path.\nif which swiftlint >/dev/null; then\n  swiftlint\nelse\n  echo \"warning: SwiftLint not installed, download from https://github.com/realm/SwiftLint\"\nfi\n";
		};
/* End PBXShellScriptBuildPhase section */

/* Begin PBXSourcesBuildPhase section */
		9C79B291244F2DBD00BE7648 /* Sources */ = {
			isa = PBXSourcesBuildPhase;
			buildActionMask = 2147483647;
			files = (
				9CF56B6A2455D5D5006B2841 /* Utility.swift in Sources */,
				9C8564502452C00F000BEC89 /* ErrorModel.swift in Sources */,
				9C79B2AF244F3A8200BE7648 /* factsTableCell.swift in Sources */,
				9CCA980F245446E200EA807D /* HomeScreenModel.swift in Sources */,
				9C47DB552452A4800087A463 /* DataFactory.swift in Sources */,
				9C79B2AD244F325900BE7648 /* NavigationViewController.swift in Sources */,
				9C85644D2452A853000BEC89 /* FactModel.swift in Sources */,
				9C79B29D244F2DBD00BE7648 /* HomeScreenViewController.swift in Sources */,
				9C79B299244F2DBD00BE7648 /* AppDelegate.swift in Sources */,
			);
			runOnlyForDeploymentPostprocessing = 0;
		};
/* End PBXSourcesBuildPhase section */

/* Begin PBXVariantGroup section */
		9C79B29E244F2DBD00BE7648 /* Main.storyboard */ = {
			isa = PBXVariantGroup;
			children = (
				9C79B29F244F2DBD00BE7648 /* Base */,
			);
			name = Main.storyboard;
			sourceTree = "<group>";
		};
		9C79B2A3244F2DBE00BE7648 /* LaunchScreen.storyboard */ = {
			isa = PBXVariantGroup;
			children = (
				9C79B2A4244F2DBE00BE7648 /* Base */,
			);
			name = LaunchScreen.storyboard;
			sourceTree = "<group>";
		};
/* End PBXVariantGroup section */

/* Begin XCBuildConfiguration section */
		9C79B2A7244F2DBE00BE7648 /* Debug */ = {
			isa = XCBuildConfiguration;
			buildSettings = {
				ALWAYS_SEARCH_USER_PATHS = NO;
				CLANG_ANALYZER_NONNULL = YES;
				CLANG_ANALYZER_NUMBER_OBJECT_CONVERSION = YES_AGGRESSIVE;
				CLANG_CXX_LANGUAGE_STANDARD = "gnu++14";
				CLANG_CXX_LIBRARY = "libc++";
				CLANG_ENABLE_MODULES = YES;
				CLANG_ENABLE_OBJC_ARC = YES;
				CLANG_ENABLE_OBJC_WEAK = YES;
				CLANG_WARN_BLOCK_CAPTURE_AUTORELEASING = YES;
				CLANG_WARN_BOOL_CONVERSION = YES;
				CLANG_WARN_COMMA = YES;
				CLANG_WARN_CONSTANT_CONVERSION = YES;
				CLANG_WARN_DEPRECATED_OBJC_IMPLEMENTATIONS = YES;
				CLANG_WARN_DIRECT_OBJC_ISA_USAGE = YES_ERROR;
				CLANG_WARN_DOCUMENTATION_COMMENTS = YES;
				CLANG_WARN_EMPTY_BODY = YES;
				CLANG_WARN_ENUM_CONVERSION = YES;
				CLANG_WARN_INFINITE_RECURSION = YES;
				CLANG_WARN_INT_CONVERSION = YES;
				CLANG_WARN_NON_LITERAL_NULL_CONVERSION = YES;
				CLANG_WARN_OBJC_IMPLICIT_RETAIN_SELF = YES;
				CLANG_WARN_OBJC_LITERAL_CONVERSION = YES;
				CLANG_WARN_OBJC_ROOT_CLASS = YES_ERROR;
				CLANG_WARN_RANGE_LOOP_ANALYSIS = YES;
				CLANG_WARN_STRICT_PROTOTYPES = YES;
				CLANG_WARN_SUSPICIOUS_MOVE = YES;
				CLANG_WARN_UNGUARDED_AVAILABILITY = YES_AGGRESSIVE;
				CLANG_WARN_UNREACHABLE_CODE = YES;
				CLANG_WARN__DUPLICATE_METHOD_MATCH = YES;
				COPY_PHASE_STRIP = NO;
				DEBUG_INFORMATION_FORMAT = dwarf;
				ENABLE_STRICT_OBJC_MSGSEND = YES;
				ENABLE_TESTABILITY = YES;
				GCC_C_LANGUAGE_STANDARD = gnu11;
				GCC_DYNAMIC_NO_PIC = NO;
				GCC_NO_COMMON_BLOCKS = YES;
				GCC_OPTIMIZATION_LEVEL = 0;
				GCC_PREPROCESSOR_DEFINITIONS = (
					"DEBUG=1",
					"$(inherited)",
				);
				GCC_WARN_64_TO_32_BIT_CONVERSION = YES;
				GCC_WARN_ABOUT_RETURN_TYPE = YES_ERROR;
				GCC_WARN_UNDECLARED_SELECTOR = YES;
				GCC_WARN_UNINITIALIZED_AUTOS = YES_AGGRESSIVE;
				GCC_WARN_UNUSED_FUNCTION = YES;
				GCC_WARN_UNUSED_VARIABLE = YES;
				IPHONEOS_DEPLOYMENT_TARGET = 13.2;
				MTL_ENABLE_DEBUG_INFO = INCLUDE_SOURCE;
				MTL_FAST_MATH = YES;
				ONLY_ACTIVE_ARCH = YES;
				SDKROOT = iphoneos;
				SWIFT_ACTIVE_COMPILATION_CONDITIONS = DEBUG;
				SWIFT_OPTIMIZATION_LEVEL = "-Onone";
			};
			name = Debug;
		};
		9C79B2A8244F2DBE00BE7648 /* Release */ = {
			isa = XCBuildConfiguration;
			buildSettings = {
				ALWAYS_SEARCH_USER_PATHS = NO;
				CLANG_ANALYZER_NONNULL = YES;
				CLANG_ANALYZER_NUMBER_OBJECT_CONVERSION = YES_AGGRESSIVE;
				CLANG_CXX_LANGUAGE_STANDARD = "gnu++14";
				CLANG_CXX_LIBRARY = "libc++";
				CLANG_ENABLE_MODULES = YES;
				CLANG_ENABLE_OBJC_ARC = YES;
				CLANG_ENABLE_OBJC_WEAK = YES;
				CLANG_WARN_BLOCK_CAPTURE_AUTORELEASING = YES;
				CLANG_WARN_BOOL_CONVERSION = YES;
				CLANG_WARN_COMMA = YES;
				CLANG_WARN_CONSTANT_CONVERSION = YES;
				CLANG_WARN_DEPRECATED_OBJC_IMPLEMENTATIONS = YES;
				CLANG_WARN_DIRECT_OBJC_ISA_USAGE = YES_ERROR;
				CLANG_WARN_DOCUMENTATION_COMMENTS = YES;
				CLANG_WARN_EMPTY_BODY = YES;
				CLANG_WARN_ENUM_CONVERSION = YES;
				CLANG_WARN_INFINITE_RECURSION = YES;
				CLANG_WARN_INT_CONVERSION = YES;
				CLANG_WARN_NON_LITERAL_NULL_CONVERSION = YES;
				CLANG_WARN_OBJC_IMPLICIT_RETAIN_SELF = YES;
				CLANG_WARN_OBJC_LITERAL_CONVERSION = YES;
				CLANG_WARN_OBJC_ROOT_CLASS = YES_ERROR;
				CLANG_WARN_RANGE_LOOP_ANALYSIS = YES;
				CLANG_WARN_STRICT_PROTOTYPES = YES;
				CLANG_WARN_SUSPICIOUS_MOVE = YES;
				CLANG_WARN_UNGUARDED_AVAILABILITY = YES_AGGRESSIVE;
				CLANG_WARN_UNREACHABLE_CODE = YES;
				CLANG_WARN__DUPLICATE_METHOD_MATCH = YES;
				COPY_PHASE_STRIP = NO;
				DEBUG_INFORMATION_FORMAT = "dwarf-with-dsym";
				ENABLE_NS_ASSERTIONS = NO;
				ENABLE_STRICT_OBJC_MSGSEND = YES;
				GCC_C_LANGUAGE_STANDARD = gnu11;
				GCC_NO_COMMON_BLOCKS = YES;
				GCC_WARN_64_TO_32_BIT_CONVERSION = YES;
				GCC_WARN_ABOUT_RETURN_TYPE = YES_ERROR;
				GCC_WARN_UNDECLARED_SELECTOR = YES;
				GCC_WARN_UNINITIALIZED_AUTOS = YES_AGGRESSIVE;
				GCC_WARN_UNUSED_FUNCTION = YES;
				GCC_WARN_UNUSED_VARIABLE = YES;
				IPHONEOS_DEPLOYMENT_TARGET = 13.2;
				MTL_ENABLE_DEBUG_INFO = NO;
				MTL_FAST_MATH = YES;
				SDKROOT = iphoneos;
				SWIFT_COMPILATION_MODE = wholemodule;
				SWIFT_OPTIMIZATION_LEVEL = "-O";
				VALIDATE_PRODUCT = YES;
			};
			name = Release;
		};
		9C79B2AA244F2DBE00BE7648 /* Debug */ = {
			isa = XCBuildConfiguration;
			buildSettings = {
				ASSETCATALOG_COMPILER_APPICON_NAME = AppIcon;
				CODE_SIGN_STYLE = Automatic;
				INFOPLIST_FILE = assignment/Info.plist;
				LD_RUNPATH_SEARCH_PATHS = (
					"$(inherited)",
					"@executable_path/Frameworks",
				);
				PRODUCT_BUNDLE_IDENTIFIER = com.infosys.assignment;
				PRODUCT_NAME = "$(TARGET_NAME)";
				SWIFT_VERSION = 5.0;
				TARGETED_DEVICE_FAMILY = "1,2";
			};
			name = Debug;
		};
		9C79B2AB244F2DBE00BE7648 /* Release */ = {
			isa = XCBuildConfiguration;
			buildSettings = {
				ASSETCATALOG_COMPILER_APPICON_NAME = AppIcon;
				CODE_SIGN_STYLE = Automatic;
				INFOPLIST_FILE = assignment/Info.plist;
				LD_RUNPATH_SEARCH_PATHS = (
					"$(inherited)",
					"@executable_path/Frameworks",
				);
				PRODUCT_BUNDLE_IDENTIFIER = com.infosys.assignment;
				PRODUCT_NAME = "$(TARGET_NAME)";
				SWIFT_VERSION = 5.0;
				TARGETED_DEVICE_FAMILY = "1,2";
			};
			name = Release;
		};
/* End XCBuildConfiguration section */

/* Begin XCConfigurationList section */
		9C79B290244F2DBD00BE7648 /* Build configuration list for PBXProject "assignment" */ = {
			isa = XCConfigurationList;
			buildConfigurations = (
				9C79B2A7244F2DBE00BE7648 /* Debug */,
				9C79B2A8244F2DBE00BE7648 /* Release */,
			);
			defaultConfigurationIsVisible = 0;
			defaultConfigurationName = Release;
		};
		9C79B2A9244F2DBE00BE7648 /* Build configuration list for PBXNativeTarget "assignment" */ = {
			isa = XCConfigurationList;
			buildConfigurations = (
				9C79B2AA244F2DBE00BE7648 /* Debug */,
				9C79B2AB244F2DBE00BE7648 /* Release */,
			);
			defaultConfigurationIsVisible = 0;
			defaultConfigurationName = Release;
		};
/* End XCConfigurationList section */
	};
	rootObject = 9C79B28D244F2DBD00BE7648 /* Project object */;
}
